{
  "requires": true,
  "lockfileVersion": 1,
  "dependencies": {
    "@mi-sec/lightmap": {
      "version": "0.1.4",
      "resolved": "https://registry.npmjs.org/@mi-sec/lightmap/-/lightmap-0.1.4.tgz",
      "integrity": "sha512-ggOOdq644cD12Ggt4o43Ct9BlUhyZoFeLeij4YmfG6dJCwKoz01zPS02IuGUyITd5DrheVnU2G2QlDZ0QPV5og=="
    }
  }
}
